
Microsoft Visual Studio Solution File, Format Version 12.00
# Visual Studio Version 17
VisualStudioVersion = 17.1.32414.318
MinimumVisualStudioVersion = 10.0.40219.1
Project("{FAE04EC0-301F-11D3-BF4B-00C04F79EFBC}") = "DotNews", "DotNews.csproj", "{CEBECE22-FF39-4102-8E9C-663DAF04478C}"
EndProject
Global
	GlobalSection(SolutionConfigurationPlatforms) = preSolution
		Debug|Any CPU = Debug|Any CPU
		Release|Any CPU = Release|Any CPU
	EndGlobalSection
	GlobalSection(ProjectConfigurationPlatforms) = postSolution
		{CEBECE22-FF39-4102-8E9C-663DAF04478C}.Debug|Any CPU.ActiveCfg = Debug|Any CPU
		{CEBECE22-FF39-4102-8E9C-663DAF04478C}.Debug|Any CPU.Build.0 = Debug|Any CPU
		{CEBECE22-FF39-4102-8E9C-663DAF04478C}.Release|Any CPU.ActiveCfg = Release|Any CPU
		{CEBECE22-FF39-4102-8E9C-663DAF04478C}.Release|Any CPU.Build.0 = Release|Any CPU
	EndGlobalSection
	GlobalSection(SolutionProperties) = preSolution
		HideSolutionNode = FALSE
	EndGlobalSection
	GlobalSection(ExtensibilityGlobals) = postSolution
		SolutionGuid = {E295F347-5AD3-47EE-97E4-DF0DFA550CE5}
	EndGlobalSection
EndGlobal
